
Microsoft Visual Studio Solution File, Format Version 12.00
# Visual Studio Version 17
VisualStudioVersion = 17.1.32421.90
MinimumVisualStudioVersion = 10.0.40219.1
Project("{888888A0-9F3D-457C-B088-3A5042F75D52}") = "FlaskHostTest", "FlaskHostTest\FlaskHostTest.pyproj", "{56D3189D-10D7-4257-9A66-4054F7200089}"
EndProject
Global
	GlobalSection(SolutionConfigurationPlatforms) = preSolution
		Debug|Any CPU = Debug|Any CPU
		Release|Any CPU = Release|Any CPU
	EndGlobalSection
	GlobalSection(ProjectConfigurationPlatforms) = postSolution
		{56D3189D-10D7-4257-9A66-4054F7200089}.Debug|Any CPU.ActiveCfg = Debug|Any CPU
		{56D3189D-10D7-4257-9A66-4054F7200089}.Debug|Any CPU.Build.0 = Debug|Any CPU
		{56D3189D-10D7-4257-9A66-4054F7200089}.Release|Any CPU.ActiveCfg = Release|Any CPU
		{56D3189D-10D7-4257-9A66-4054F7200089}.Release|Any CPU.Build.0 = Release|Any CPU
	EndGlobalSection
	GlobalSection(SolutionProperties) = preSolution
		HideSolutionNode = FALSE
	EndGlobalSection
	GlobalSection(ExtensibilityGlobals) = postSolution
		SolutionGuid = {0D13C85D-5F36-4D7E-ABD3-42480A19206E}
	EndGlobalSection
EndGlobal
